
Microsoft Visual Studio Solution File, Format Version 12.00
# Visual Studio Version 17
VisualStudioVersion = 17.0.31903.59
MinimumVisualStudioVersion = 10.0.40219.1
Project("{2150E333-8FDC-42A3-9474-1A3956D46DE8}") = "src", "src", "{5C83DF29-8113-43F5-897E-BFD60FFEF6F9}"
EndProject
Project("{9A19103F-16F7-4668-BE54-9A1E7A4F7556}") = "Application", "src\Application\Application.csproj", "{483E2621-D509-446A-B597-8308DEC373DD}"
EndProject
Project("{9A19103F-16F7-4668-BE54-9A1E7A4F7556}") = "Domain", "src\Domain\Domain.csproj", "{BF1BC62C-0307-44D2-86B2-859FECB29D4F}"
EndProject
Project("{9A19103F-16F7-4668-BE54-9A1E7A4F7556}") = "Infrastructure", "src\Infrastructure\Infrastructure.csproj", "{518E4790-3C86-48BB-88FB-B4D060CEF2B9}"
EndProject
Project("{9A19103F-16F7-4668-BE54-9A1E7A4F7556}") = "Web", "src\Web\Web.csproj", "{0D4CB43B-77F8-4E50-AD70-3B275B0B39DD}"
EndProject
Global
	GlobalSection(SolutionConfigurationPlatforms) = preSolution
		Debug|Any CPU = Debug|Any CPU
		Release|Any CPU = Release|Any CPU
	EndGlobalSection
	GlobalSection(ProjectConfigurationPlatforms) = postSolution
		{483E2621-D509-446A-B597-8308DEC373DD}.Debug|Any CPU.ActiveCfg = Debug|Any CPU
		{483E2621-D509-446A-B597-8308DEC373DD}.Debug|Any CPU.Build.0 = Debug|Any CPU
		{483E2621-D509-446A-B597-8308DEC373DD}.Release|Any CPU.ActiveCfg = Release|Any CPU
		{483E2621-D509-446A-B597-8308DEC373DD}.Release|Any CPU.Build.0 = Release|Any CPU
		{BF1BC62C-0307-44D2-86B2-859FECB29D4F}.Debug|Any CPU.ActiveCfg = Debug|Any CPU
		{BF1BC62C-0307-44D2-86B2-859FECB29D4F}.Debug|Any CPU.Build.0 = Debug|Any CPU
		{BF1BC62C-0307-44D2-86B2-859FECB29D4F}.Release|Any CPU.ActiveCfg = Release|Any CPU
		{BF1BC62C-0307-44D2-86B2-859FECB29D4F}.Release|Any CPU.Build.0 = Release|Any CPU
		{518E4790-3C86-48BB-88FB-B4D060CEF2B9}.Debug|Any CPU.ActiveCfg = Debug|Any CPU
		{518E4790-3C86-48BB-88FB-B4D060CEF2B9}.Debug|Any CPU.Build.0 = Debug|Any CPU
		{518E4790-3C86-48BB-88FB-B4D060CEF2B9}.Release|Any CPU.ActiveCfg = Release|Any CPU
		{518E4790-3C86-48BB-88FB-B4D060CEF2B9}.Release|Any CPU.Build.0 = Release|Any CPU
		{0D4CB43B-77F8-4E50-AD70-3B275B0B39DD}.Debug|Any CPU.ActiveCfg = Debug|Any CPU
		{0D4CB43B-77F8-4E50-AD70-3B275B0B39DD}.Debug|Any CPU.Build.0 = Debug|Any CPU
		{0D4CB43B-77F8-4E50-AD70-3B275B0B39DD}.Release|Any CPU.ActiveCfg = Release|Any CPU
		{0D4CB43B-77F8-4E50-AD70-3B275B0B39DD}.Release|Any CPU.Build.0 = Release|Any CPU
	EndGlobalSection
	GlobalSection(SolutionProperties) = preSolution
		HideSolutionNode = FALSE
	EndGlobalSection
	GlobalSection(NestedProjects) = preSolution
		{483E2621-D509-446A-B597-8308DEC373DD} = {5C83DF29-8113-43F5-897E-BFD60FFEF6F9}
		{BF1BC62C-0307-44D2-86B2-859FECB29D4F} = {5C83DF29-8113-43F5-897E-BFD60FFEF6F9}
		{518E4790-3C86-48BB-88FB-B4D060CEF2B9} = {5C83DF29-8113-43F5-897E-BFD60FFEF6F9}
		{0D4CB43B-77F8-4E50-AD70-3B275B0B39DD} = {5C83DF29-8113-43F5-897E-BFD60FFEF6F9}
	EndGlobalSection
EndGlobal
